
Microsoft Visual Studio Solution File, Format Version 11.00
# Visual Studio 2010
Project("{FAE04EC0-301F-11D3-BF4B-00C04F79EFBC}") = "NASAExplorer", "NASAExplorer\NASAExplorer.csproj", "{5A9D071C-9CA0-46F7-BF0F-209448AE1326}"
EndProject
Global
	GlobalSection(SolutionConfigurationPlatforms) = preSolution
		Debug|Any CPU = Debug|Any CPU
		Release|Any CPU = Release|Any CPU
	EndGlobalSection
	GlobalSection(ProjectConfigurationPlatforms) = postSolution
		{5A9D071C-9CA0-46F7-BF0F-209448AE1326}.Debug|Any CPU.ActiveCfg = Debug|Any CPU
		{5A9D071C-9CA0-46F7-BF0F-209448AE1326}.Debug|Any CPU.Build.0 = Debug|Any CPU
		{5A9D071C-9CA0-46F7-BF0F-209448AE1326}.Release|Any CPU.ActiveCfg = Release|Any CPU
		{5A9D071C-9CA0-46F7-BF0F-209448AE1326}.Release|Any CPU.Build.0 = Release|Any CPU
	EndGlobalSection
	GlobalSection(SolutionProperties) = preSolution
		HideSolutionNode = FALSE
	EndGlobalSection
EndGlobal
